
Microsoft Visual Studio Solution File, Format Version 12.00
# Visual Studio Version 17
VisualStudioVersion = 17.10.34928.147
MinimumVisualStudioVersion = 10.0.40219.1
Project("{FAE04EC0-301F-11D3-BF4B-00C04F79EFBC}") = "backend", "backend.csproj", "{10C494F0-6D89-4224-8416-F02C73917AFA}"
EndProject
Project("{FAE04EC0-301F-11D3-BF4B-00C04F79EFBC}") = "Kazemaru.Application", "Kazemaru.Application\Kazemaru.Application.csproj", "{B12E4703-C8A0-48B5-8A49-BD8A1C096219}"
EndProject
Project("{FAE04EC0-301F-11D3-BF4B-00C04F79EFBC}") = "Kazemaru.Domain", "Kazemaru.Domain\Kazemaru.Domain.csproj", "{BD3BACE0-0256-47D7-93E9-666C7B36A55E}"
EndProject
Project("{FAE04EC0-301F-11D3-BF4B-00C04F79EFBC}") = "Kazemaru.Infrastructure", "Kazemaru.Infrastructure\Kazemaru.Infrastructure.csproj", "{C9ADD0B2-825F-4115-B18F-56A8257182CC}"
EndProject
Project("{FAE04EC0-301F-11D3-BF4B-00C04F79EFBC}") = "Kazemaru.Shared", "Kazemaru.Shared\Kazemaru.Shared.csproj", "{70A5C270-0E80-4488-823C-399BEDFF42E5}"
EndProject
Global
	GlobalSection(SolutionConfigurationPlatforms) = preSolution
		Debug|Any CPU = Debug|Any CPU
		Debug|x64 = Debug|x64
		Debug|x86 = Debug|x86
		Release|Any CPU = Release|Any CPU
		Release|x64 = Release|x64
		Release|x86 = Release|x86
	EndGlobalSection
	GlobalSection(ProjectConfigurationPlatforms) = postSolution
		{10C494F0-6D89-4224-8416-F02C73917AFA}.Debug|Any CPU.ActiveCfg = Debug|Any CPU
		{10C494F0-6D89-4224-8416-F02C73917AFA}.Debug|Any CPU.Build.0 = Debug|Any CPU
		{10C494F0-6D89-4224-8416-F02C73917AFA}.Debug|x64.ActiveCfg = Debug|Any CPU
		{10C494F0-6D89-4224-8416-F02C73917AFA}.Debug|x64.Build.0 = Debug|Any CPU
		{10C494F0-6D89-4224-8416-F02C73917AFA}.Debug|x86.ActiveCfg = Debug|Any CPU
		{10C494F0-6D89-4224-8416-F02C73917AFA}.Debug|x86.Build.0 = Debug|Any CPU
		{10C494F0-6D89-4224-8416-F02C73917AFA}.Release|Any CPU.ActiveCfg = Release|Any CPU
		{10C494F0-6D89-4224-8416-F02C73917AFA}.Release|Any CPU.Build.0 = Release|Any CPU
		{10C494F0-6D89-4224-8416-F02C73917AFA}.Release|x64.ActiveCfg = Release|Any CPU
		{10C494F0-6D89-4224-8416-F02C73917AFA}.Release|x64.Build.0 = Release|Any CPU
		{10C494F0-6D89-4224-8416-F02C73917AFA}.Release|x86.ActiveCfg = Release|Any CPU
		{10C494F0-6D89-4224-8416-F02C73917AFA}.Release|x86.Build.0 = Release|Any CPU
		{B12E4703-C8A0-48B5-8A49-BD8A1C096219}.Debug|Any CPU.ActiveCfg = Debug|Any CPU
		{B12E4703-C8A0-48B5-8A49-BD8A1C096219}.Debug|Any CPU.Build.0 = Debug|Any CPU
		{B12E4703-C8A0-48B5-8A49-BD8A1C096219}.Debug|x64.ActiveCfg = Debug|Any CPU
		{B12E4703-C8A0-48B5-8A49-BD8A1C096219}.Debug|x64.Build.0 = Debug|Any CPU
		{B12E4703-C8A0-48B5-8A49-BD8A1C096219}.Debug|x86.ActiveCfg = Debug|Any CPU
		{B12E4703-C8A0-48B5-8A49-BD8A1C096219}.Debug|x86.Build.0 = Debug|Any CPU
		{B12E4703-C8A0-48B5-8A49-BD8A1C096219}.Release|Any CPU.ActiveCfg = Release|Any CPU
		{B12E4703-C8A0-48B5-8A49-BD8A1C096219}.Release|Any CPU.Build.0 = Release|Any CPU
		{B12E4703-C8A0-48B5-8A49-BD8A1C096219}.Release|x64.ActiveCfg = Release|Any CPU
		{B12E4703-C8A0-48B5-8A49-BD8A1C096219}.Release|x64.Build.0 = Release|Any CPU
		{B12E4703-C8A0-48B5-8A49-BD8A1C096219}.Release|x86.ActiveCfg = Release|Any CPU
		{B12E4703-C8A0-48B5-8A49-BD8A1C096219}.Release|x86.Build.0 = Release|Any CPU
		{BD3BACE0-0256-47D7-93E9-666C7B36A55E}.Debug|Any CPU.ActiveCfg = Debug|Any CPU
		{BD3BACE0-0256-47D7-93E9-666C7B36A55E}.Debug|Any CPU.Build.0 = Debug|Any CPU
		{BD3BACE0-0256-47D7-93E9-666C7B36A55E}.Debug|x64.ActiveCfg = Debug|Any CPU
		{BD3BACE0-0256-47D7-93E9-666C7B36A55E}.Debug|x64.Build.0 = Debug|Any CPU
		{BD3BACE0-0256-47D7-93E9-666C7B36A55E}.Debug|x86.ActiveCfg = Debug|Any CPU
		{BD3BACE0-0256-47D7-93E9-666C7B36A55E}.Debug|x86.Build.0 = Debug|Any CPU
		{BD3BACE0-0256-47D7-93E9-666C7B36A55E}.Release|Any CPU.ActiveCfg = Release|Any CPU
		{BD3BACE0-0256-47D7-93E9-666C7B36A55E}.Release|Any CPU.Build.0 = Release|Any CPU
		{BD3BACE0-0256-47D7-93E9-666C7B36A55E}.Release|x64.ActiveCfg = Release|Any CPU
		{BD3BACE0-0256-47D7-93E9-666C7B36A55E}.Release|x64.Build.0 = Release|Any CPU
		{BD3BACE0-0256-47D7-93E9-666C7B36A55E}.Release|x86.ActiveCfg = Release|Any CPU
		{BD3BACE0-0256-47D7-93E9-666C7B36A55E}.Release|x86.Build.0 = Release|Any CPU
		{C9ADD0B2-825F-4115-B18F-56A8257182CC}.Debug|Any CPU.ActiveCfg = Debug|Any CPU
		{C9ADD0B2-825F-4115-B18F-56A8257182CC}.Debug|Any CPU.Build.0 = Debug|Any CPU
		{C9ADD0B2-825F-4115-B18F-56A8257182CC}.Debug|x64.ActiveCfg = Debug|Any CPU
		{C9ADD0B2-825F-4115-B18F-56A8257182CC}.Debug|x64.Build.0 = Debug|Any CPU
		{C9ADD0B2-825F-4115-B18F-56A8257182CC}.Debug|x86.ActiveCfg = Debug|Any CPU
		{C9ADD0B2-825F-4115-B18F-56A8257182CC}.Debug|x86.Build.0 = Debug|Any CPU
		{C9ADD0B2-825F-4115-B18F-56A8257182CC}.Release|Any CPU.ActiveCfg = Release|Any CPU
		{C9ADD0B2-825F-4115-B18F-56A8257182CC}.Release|Any CPU.Build.0 = Release|Any CPU
		{C9ADD0B2-825F-4115-B18F-56A8257182CC}.Release|x64.ActiveCfg = Release|Any CPU
		{C9ADD0B2-825F-4115-B18F-56A8257182CC}.Release|x64.Build.0 = Release|Any CPU
		{C9ADD0B2-825F-4115-B18F-56A8257182CC}.Release|x86.ActiveCfg = Release|Any CPU
		{C9ADD0B2-825F-4115-B18F-56A8257182CC}.Release|x86.Build.0 = Release|Any CPU
		{70A5C270-0E80-4488-823C-399BEDFF42E5}.Debug|Any CPU.ActiveCfg = Debug|Any CPU
		{70A5C270-0E80-4488-823C-399BEDFF42E5}.Debug|Any CPU.Build.0 = Debug|Any CPU
		{70A5C270-0E80-4488-823C-399BEDFF42E5}.Debug|x64.ActiveCfg = Debug|Any CPU
		{70A5C270-0E80-4488-823C-399BEDFF42E5}.Debug|x64.Build.0 = Debug|Any CPU
		{70A5C270-0E80-4488-823C-399BEDFF42E5}.Debug|x86.ActiveCfg = Debug|Any CPU
		{70A5C270-0E80-4488-823C-399BEDFF42E5}.Debug|x86.Build.0 = Debug|Any CPU
		{70A5C270-0E80-4488-823C-399BEDFF42E5}.Release|Any CPU.ActiveCfg = Release|Any CPU
		{70A5C270-0E80-4488-823C-399BEDFF42E5}.Release|Any CPU.Build.0 = Release|Any CPU
		{70A5C270-0E80-4488-823C-399BEDFF42E5}.Release|x64.ActiveCfg = Release|Any CPU
		{70A5C270-0E80-4488-823C-399BEDFF42E5}.Release|x64.Build.0 = Release|Any CPU
		{70A5C270-0E80-4488-823C-399BEDFF42E5}.Release|x86.ActiveCfg = Release|Any CPU
		{70A5C270-0E80-4488-823C-399BEDFF42E5}.Release|x86.Build.0 = Release|Any CPU
	EndGlobalSection
	GlobalSection(SolutionProperties) = preSolution
		HideSolutionNode = FALSE
	EndGlobalSection
	GlobalSection(ExtensibilityGlobals) = postSolution
		SolutionGuid = {1A7CADFA-AE9E-445A-848B-622FA922593F}
	EndGlobalSection
EndGlobal
